// !$*UTF8*$!
{
	archiveVersion = 1;
	classes = {
	};
	objectVersion = 46;
	objects = {

/* Begin PBXBuildFile section */
		7F0C1F7A1CBD19EA0011F11C /* AppDelegate.swift in Sources */ = {isa = PBXBuildFile; fileRef = 7F0C1F791CBD19EA0011F11C /* AppDelegate.swift */; };
		7F0C1F7C1CBD19EA0011F11C /* ViewController.swift in Sources */ = {isa = PBXBuildFile; fileRef = 7F0C1F7B1CBD19EA0011F11C /* ViewController.swift */; };
		7F0C1F7F1CBD19EA0011F11C /* Main.storyboard in Resources */ = {isa = PBXBuildFile; fileRef = 7F0C1F7D1CBD19EA0011F11C /* Main.storyboard */; };
		7F0C1F811CBD19EA0011F11C /* Assets.xcassets in Resources */ = {isa = PBXBuildFile; fileRef = 7F0C1F801CBD19EA0011F11C /* Assets.xcassets */; };
		7F0C1F841CBD19EA0011F11C /* LaunchScreen.storyboard in Resources */ = {isa = PBXBuildFile; fileRef = 7F0C1F821CBD19EA0011F11C /* LaunchScreen.storyboard */; };
/* End PBXBuildFile section */

/* Begin PBXFileReference section */
		7F0C1F761CBD19EA0011F11C /* IT JobSearch.app */ = {isa = PBXFileReference; explicitFileType = wrapper.application; includeInIndex = 0; path = "IT JobSearch.app"; sourceTree = BUILT_PRODUCTS_DIR; };
		7F0C1F791CBD19EA0011F11C /* AppDelegate.swift */ = {isa = PBXFileReference; lastKnownFileType = sourcecode.swift; path = AppDelegate.swift; sourceTree = "<group>"; };
		7F0C1F7B1CBD19EA0011F11C /* ViewController.swift */ = {isa = PBXFileReference; lastKnownFileType = sourcecode.swift; path = ViewController.swift; sourceTree = "<group>"; };
		7F0C1F7E1CBD19EA0011F11C /* Base */ = {isa = PBXFileReference; lastKnownFileType = file.storyboard; name = Base; path = Base.lproj/Main.storyboard; sourceTree = "<group>"; };
		7F0C1F801CBD19EA0011F11C /* Assets.xcassets */ = {isa = PBXFileReference; lastKnownFileType = folder.assetcatalog; path = Assets.xcassets; sourceTree = "<group>"; };
		7F0C1F831CBD19EA0011F11C /* Base */ = {isa = PBXFileReference; lastKnownFileType = file.storyboard; name = Base; path = Base.lproj/LaunchScreen.storyboard; sourceTree = "<group>"; };
		7F0C1F851CBD19EA0011F11C /* Info.plist */ = {isa = PBXFileReference; lastKnownFileType = text.plist.xml; path = Info.plist; sourceTree = "<group>"; };
/* End PBXFileReference section */

/* Begin PBXFrameworksBuildPhase section */
		7F0C1F731CBD19E90011F11C /* Frameworks */ = {
			isa = PBXFrameworksBuildPhase;
			buildActionMask = 2147483647;
			files = (
			);
			runOnlyForDeploymentPostprocessing = 0;
		};
/* End PBXFrameworksBuildPhase section */

/* Begin PBXGroup section */
		7F0C1F6D1CBD19E90011F11C = {
			isa = PBXGroup;
			children = (
				7F0C1F781CBD19EA0011F11C /* IT JobSearch */,
				7F0C1F771CBD19EA0011F11C /* Products */,
			);
			sourceTree = "<group>";
		};
		7F0C1F771CBD19EA0011F11C /* Products */ = {
			isa = PBXGroup;
			children = (
				7F0C1F761CBD19EA0011F11C /* IT JobSearch.app */,
			);
			name = Products;
			sourceTree = "<group>";
		};
		7F0C1F781CBD19EA0011F11C /* IT JobSearch */ = {
			isa = PBXGroup;
			children = (
				7F0C1F791CBD19EA0011F11C /* AppDelegate.swift */,
				7F0C1F7B1CBD19EA0011F11C /* ViewController.swift */,
				7F0C1F7D1CBD19EA0011F11C /* Main.storyboard */,
				7F0C1F801CBD19EA0011F11C /* Assets.xcassets */,
				7F0C1F821CBD19EA0011F11C /* LaunchScreen.storyboard */,
				7F0C1F851CBD19EA0011F11C /* Info.plist */,
			);
			path = "IT JobSearch";
			sourceTree = "<group>";
		};
/* End PBXGroup section */

/* Begin PBXNativeTarget section */
		7F0C1F751CBD19E90011F11C /* IT JobSearch */ = {
			isa = PBXNativeTarget;
			buildConfigurationList = 7F0C1F881CBD19EA0011F11C /* Build configuration list for PBXNativeTarget "IT JobSearch" */;
			buildPhases = (
				7F0C1F721CBD19E90011F11C /* Sources */,
				7F0C1F731CBD19E90011F11C /* Frameworks */,
				7F0C1F741CBD19E90011F11C /* Resources */,
			);
			buildRules = (
			);
			dependencies = (
			);
			name = "IT JobSearch";
			productName = "IT JobSearch";
			productReference = 7F0C1F761CBD19EA0011F11C /* IT JobSearch.app */;
			productType = "com.apple.product-type.application";
		};
/* End PBXNativeTarget section */

/* Begin PBXProject section */
		7F0C1F6E1CBD19E90011F11C /* Project object */ = {
			isa = PBXProject;
			attributes = {
				LastSwiftUpdateCheck = 0730;
				LastUpgradeCheck = 0730;
				ORGANIZATIONNAME = "Oskar Jönsson";
				TargetAttributes = {
					7F0C1F751CBD19E90011F11C = {
						CreatedOnToolsVersion = 7.3;
						DevelopmentTeam = 5LDUUW6F73;
					};
				};
			};
			buildConfigurationList = 7F0C1F711CBD19E90011F11C /* Build configuration list for PBXProject "IT JobSearch" */;
			compatibilityVersion = "Xcode 3.2";
			developmentRegion = English;
			hasScannedForEncodings = 0;
			knownRegions = (
				en,
				Base,
			);
			mainGroup = 7F0C1F6D1CBD19E90011F11C;
			productRefGroup = 7F0C1F771CBD19EA0011F11C /* Products */;
			projectDirPath = "";
			projectRoot = "";
			targets = (
				7F0C1F751CBD19E90011F11C /* IT JobSearch */,
			);
		};
/* End PBXProject section */

/* Begin PBXResourcesBuildPhase section */
		7F0C1F741CBD19E90011F11C /* Resources */ = {
			isa = PBXResourcesBuildPhase;
			buildActionMask = 2147483647;
			files = (
				7F0C1F841CBD19EA0011F11C /* LaunchScreen.storyboard in Resources */,
				7F0C1F811CBD19EA0011F11C /* Assets.xcassets in Resources */,
				7F0C1F7F1CBD19EA0011F11C /* Main.storyboard in Resources */,
			);
			runOnlyForDeploymentPostprocessing = 0;
		};
/* End PBXResourcesBuildPhase section */

/* Begin PBXSourcesBuildPhase section */
		7F0C1F721CBD19E90011F11C /* Sources */ = {
			isa = PBXSourcesBuildPhase;
			buildActionMask = 2147483647;
			files = (
				7F0C1F7C1CBD19EA0011F11C /* ViewController.swift in Sources */,
				7F0C1F7A1CBD19EA0011F11C /* AppDelegate.swift in Sources */,
			);
			runOnlyForDeploymentPostprocessing = 0;
		};
/* End PBXSourcesBuildPhase section */

/* Begin PBXVariantGroup section */
		7F0C1F7D1CBD19EA0011F11C /* Main.storyboard */ = {
			isa = PBXVariantGroup;
			children = (
				7F0C1F7E1CBD19EA0011F11C /* Base */,
			);
			name = Main.storyboard;
			sourceTree = "<group>";
		};
		7F0C1F821CBD19EA0011F11C /* LaunchScreen.storyboard */ = {
			isa = PBXVariantGroup;
			children = (
				7F0C1F831CBD19EA0011F11C /* Base */,
			);
			name = LaunchScreen.storyboard;
			sourceTree = "<group>";
		};
/* End PBXVariantGroup section */

/* Begin XCBuildConfiguration section */
		7F0C1F861CBD19EA0011F11C /* Debug */ = {
			isa = XCBuildConfiguration;
			buildSettings = {
				ALWAYS_SEARCH_USER_PATHS = NO;
				CLANG_ANALYZER_NONNULL = YES;
				CLANG_CXX_LANGUAGE_STANDARD = "gnu++0x";
				CLANG_CXX_LIBRARY = "libc++";
				CLANG_ENABLE_MODULES = YES;
				CLANG_ENABLE_OBJC_ARC = YES;
				CLANG_WARN_BOOL_CONVERSION = YES;
				CLANG_WARN_CONSTANT_CONVERSION = YES;
				CLANG_WARN_DIRECT_OBJC_ISA_USAGE = YES_ERROR;
				CLANG_WARN_EMPTY_BODY = YES;
				CLANG_WARN_ENUM_CONVERSION = YES;
				CLANG_WARN_INT_CONVERSION = YES;
				CLANG_WARN_OBJC_ROOT_CLASS = YES_ERROR;
				CLANG_WARN_UNREACHABLE_CODE = YES;
				CLANG_WARN__DUPLICATE_METHOD_MATCH = YES;
				"CODE_SIGN_IDENTITY[sdk=iphoneos*]" = "iPhone Developer";
				COPY_PHASE_STRIP = NO;
				DEBUG_INFORMATION_FORMAT = dwarf;
				ENABLE_STRICT_OBJC_MSGSEND = YES;
				ENABLE_TESTABILITY = YES;
				GCC_C_LANGUAGE_STANDARD = gnu99;
				GCC_DYNAMIC_NO_PIC = NO;
				GCC_NO_COMMON_BLOCKS = YES;
				GCC_OPTIMIZATION_LEVEL = 0;
				GCC_PREPROCESSOR_DEFINITIONS = (
					"DEBUG=1",
					"$(inherited)",
				);
				GCC_WARN_64_TO_32_BIT_CONVERSION = YES;
				GCC_WARN_ABOUT_RETURN_TYPE = YES_ERROR;
				GCC_WARN_UNDECLARED_SELECTOR = YES;
				GCC_WARN_UNINITIALIZED_AUTOS = YES_AGGRESSIVE;
				GCC_WARN_UNUSED_FUNCTION = YES;
				GCC_WARN_UNUSED_VARIABLE = YES;
				IPHONEOS_DEPLOYMENT_TARGET = 9.3;
				MTL_ENABLE_DEBUG_INFO = YES;
				ONLY_ACTIVE_ARCH = YES;
				SDKROOT = iphoneos;
				SWIFT_OPTIMIZATION_LEVEL = "-Onone";
			};
			name = Debug;
		};
		7F0C1F871CBD19EA0011F11C /* Release */ = {
			isa = XCBuildConfiguration;
			buildSettings = {
				ALWAYS_SEARCH_USER_PATHS = NO;
				CLANG_ANALYZER_NONNULL = YES;
				CLANG_CXX_LANGUAGE_STANDARD = "gnu++0x";
				CLANG_CXX_LIBRARY = "libc++";
				CLANG_ENABLE_MODULES = YES;
				CLANG_ENABLE_OBJC_ARC = YES;
				CLANG_WARN_BOOL_CONVERSION = YES;
				CLANG_WARN_CONSTANT_CONVERSION = YES;
				CLANG_WARN_DIRECT_OBJC_ISA_USAGE = YES_ERROR;
				CLANG_WARN_EMPTY_BODY = YES;
				CLANG_WARN_ENUM_CONVERSION = YES;
				CLANG_WARN_INT_CONVERSION = YES;
				CLANG_WARN_OBJC_ROOT_CLASS = YES_ERROR;
				CLANG_WARN_UNREACHABLE_CODE = YES;
				CLANG_WARN__DUPLICATE_METHOD_MATCH = YES;
				"CODE_SIGN_IDENTITY[sdk=iphoneos*]" = "iPhone Developer";
				COPY_PHASE_STRIP = NO;
				DEBUG_INFORMATION_FORMAT = "dwarf-with-dsym";
				ENABLE_NS_ASSERTIONS = NO;
				ENABLE_STRICT_OBJC_MSGSEND = YES;
				GCC_C_LANGUAGE_STANDARD = gnu99;
				GCC_NO_COMMON_BLOCKS = YES;
				GCC_WARN_64_TO_32_BIT_CONVERSION = YES;
				GCC_WARN_ABOUT_RETURN_TYPE = YES_ERROR;
				GCC_WARN_UNDECLARED_SELECTOR = YES;
				GCC_WARN_UNINITIALIZED_AUTOS = YES_AGGRESSIVE;
				GCC_WARN_UNUSED_FUNCTION = YES;
				GCC_WARN_UNUSED_VARIABLE = YES;
				IPHONEOS_DEPLOYMENT_TARGET = 9.3;
				MTL_ENABLE_DEBUG_INFO = NO;
				SDKROOT = iphoneos;
				VALIDATE_PRODUCT = YES;
			};
			name = Release;
		};
		7F0C1F891CBD19EA0011F11C /* Debug */ = {
			isa = XCBuildConfiguration;
			buildSettings = {
				ASSETCATALOG_COMPILER_APPICON_NAME = AppIcon;
				INFOPLIST_FILE = "IT JobSearch/Info.plist";
				LD_RUNPATH_SEARCH_PATHS = "$(inherited) @executable_path/Frameworks";
				PRODUCT_BUNDLE_IDENTIFIER = "OSJ.IT-JobSearch";
				PRODUCT_NAME = "$(TARGET_NAME)";
			};
			name = Debug;
		};
		7F0C1F8A1CBD19EA0011F11C /* Release */ = {
			isa = XCBuildConfiguration;
			buildSettings = {
				ASSETCATALOG_COMPILER_APPICON_NAME = AppIcon;
				INFOPLIST_FILE = "IT JobSearch/Info.plist";
				LD_RUNPATH_SEARCH_PATHS = "$(inherited) @executable_path/Frameworks";
				PRODUCT_BUNDLE_IDENTIFIER = "OSJ.IT-JobSearch";
				PRODUCT_NAME = "$(TARGET_NAME)";
			};
			name = Release;
		};
/* End XCBuildConfiguration section */

/* Begin XCConfigurationList section */
		7F0C1F711CBD19E90011F11C /* Build configuration list for PBXProject "IT JobSearch" */ = {
			isa = XCConfigurationList;
			buildConfigurations = (
				7F0C1F861CBD19EA0011F11C /* Debug */,
				7F0C1F871CBD19EA0011F11C /* Release */,
			);
			defaultConfigurationIsVisible = 0;
			defaultConfigurationName = Release;
		};
		7F0C1F881CBD19EA0011F11C /* Build configuration list for PBXNativeTarget "IT JobSearch" */ = {
			isa = XCConfigurationList;
			buildConfigurations = (
				7F0C1F891CBD19EA0011F11C /* Debug */,
				7F0C1F8A1CBD19EA0011F11C /* Release */,
			);
			defaultConfigurationIsVisible = 0;
		};
/* End XCConfigurationList section */
	};
	rootObject = 7F0C1F6E1CBD19E90011F11C /* Project object */;
}
